// !$*UTF8*$!
{
	archiveVersion = 1;
	classes = {
	};
	objectVersion = 46;
	objects = {

/* Begin PBXBuildFile section */
		D21470BD1CC1E72F00C061F5 /* AppDelegate.swift in Sources */ = {isa = PBXBuildFile; fileRef = D21470BC1CC1E72F00C061F5 /* AppDelegate.swift */; };
		D21470BF1CC1E72F00C061F5 /* ViewController.swift in Sources */ = {isa = PBXBuildFile; fileRef = D21470BE1CC1E72F00C061F5 /* ViewController.swift */; };
		D21470C21CC1E72F00C061F5 /* Main.storyboard in Resources */ = {isa = PBXBuildFile; fileRef = D21470C01CC1E72F00C061F5 /* Main.storyboard */; };
		D21470C41CC1E72F00C061F5 /* Assets.xcassets in Resources */ = {isa = PBXBuildFile; fileRef = D21470C31CC1E72F00C061F5 /* Assets.xcassets */; };
		D21470C71CC1E72F00C061F5 /* LaunchScreen.storyboard in Resources */ = {isa = PBXBuildFile; fileRef = D21470C51CC1E72F00C061F5 /* LaunchScreen.storyboard */; };
		D21470D21CC1E73000C061F5 /* ControlFlowTests.swift in Sources */ = {isa = PBXBuildFile; fileRef = D21470D11CC1E73000C061F5 /* ControlFlowTests.swift */; };
		D21470DD1CC1E73000C061F5 /* ControlFlowUITests.swift in Sources */ = {isa = PBXBuildFile; fileRef = D21470DC1CC1E73000C061F5 /* ControlFlowUITests.swift */; };
		D2BF05D61CC3753F00A08371 /* FunFactsViewController.swift in Sources */ = {isa = PBXBuildFile; fileRef = D2BF05D51CC3753F00A08371 /* FunFactsViewController.swift */; };
		D2BF05D81CC3A59000A08371 /* AddingViewController.swift in Sources */ = {isa = PBXBuildFile; fileRef = D2BF05D71CC3A59000A08371 /* AddingViewController.swift */; };
/* End PBXBuildFile section */

/* Begin PBXContainerItemProxy section */
		D21470CE1CC1E73000C061F5 /* PBXContainerItemProxy */ = {
			isa = PBXContainerItemProxy;
			containerPortal = D21470B11CC1E72F00C061F5 /* Project object */;
			proxyType = 1;
			remoteGlobalIDString = D21470B81CC1E72F00C061F5;
			remoteInfo = ControlFlow;
		};
		D21470D91CC1E73000C061F5 /* PBXContainerItemProxy */ = {
			isa = PBXContainerItemProxy;
			containerPortal = D21470B11CC1E72F00C061F5 /* Project object */;
			proxyType = 1;
			remoteGlobalIDString = D21470B81CC1E72F00C061F5;
			remoteInfo = ControlFlow;
		};
/* End PBXContainerItemProxy section */

/* Begin PBXFileReference section */
		D21470B91CC1E72F00C061F5 /* ControlFlow.app */ = {isa = PBXFileReference; explicitFileType = wrapper.application; includeInIndex = 0; path = ControlFlow.app; sourceTree = BUILT_PRODUCTS_DIR; };
		D21470BC1CC1E72F00C061F5 /* AppDelegate.swift */ = {isa = PBXFileReference; lastKnownFileType = sourcecode.swift; path = AppDelegate.swift; sourceTree = "<group>"; };
		D21470BE1CC1E72F00C061F5 /* ViewController.swift */ = {isa = PBXFileReference; lastKnownFileType = sourcecode.swift; path = ViewController.swift; sourceTree = "<group>"; };
		D21470C11CC1E72F00C061F5 /* Base */ = {isa = PBXFileReference; lastKnownFileType = file.storyboard; name = Base; path = Base.lproj/Main.storyboard; sourceTree = "<group>"; };
		D21470C31CC1E72F00C061F5 /* Assets.xcassets */ = {isa = PBXFileReference; lastKnownFileType = folder.assetcatalog; path = Assets.xcassets; sourceTree = "<group>"; };
		D21470C61CC1E72F00C061F5 /* Base */ = {isa = PBXFileReference; lastKnownFileType = file.storyboard; name = Base; path = Base.lproj/LaunchScreen.storyboard; sourceTree = "<group>"; };
		D21470C81CC1E72F00C061F5 /* Info.plist */ = {isa = PBXFileReference; lastKnownFileType = text.plist.xml; path = Info.plist; sourceTree = "<group>"; };
		D21470CD1CC1E73000C061F5 /* ControlFlowTests.xctest */ = {isa = PBXFileReference; explicitFileType = wrapper.cfbundle; includeInIndex = 0; path = ControlFlowTests.xctest; sourceTree = BUILT_PRODUCTS_DIR; };
		D21470D11CC1E73000C061F5 /* ControlFlowTests.swift */ = {isa = PBXFileReference; lastKnownFileType = sourcecode.swift; path = ControlFlowTests.swift; sourceTree = "<group>"; };
		D21470D31CC1E73000C061F5 /* Info.plist */ = {isa = PBXFileReference; lastKnownFileType = text.plist.xml; path = Info.plist; sourceTree = "<group>"; };
		D21470D81CC1E73000C061F5 /* ControlFlowUITests.xctest */ = {isa = PBXFileReference; explicitFileType = wrapper.cfbundle; includeInIndex = 0; path = ControlFlowUITests.xctest; sourceTree = BUILT_PRODUCTS_DIR; };
		D21470DC1CC1E73000C061F5 /* ControlFlowUITests.swift */ = {isa = PBXFileReference; lastKnownFileType = sourcecode.swift; path = ControlFlowUITests.swift; sourceTree = "<group>"; };
		D21470DE1CC1E73000C061F5 /* Info.plist */ = {isa = PBXFileReference; lastKnownFileType = text.plist.xml; path = Info.plist; sourceTree = "<group>"; };
		D2BF05D51CC3753F00A08371 /* FunFactsViewController.swift */ = {isa = PBXFileReference; fileEncoding = 4; lastKnownFileType = sourcecode.swift; path = FunFactsViewController.swift; sourceTree = "<group>"; };
		D2BF05D71CC3A59000A08371 /* AddingViewController.swift */ = {isa = PBXFileReference; fileEncoding = 4; lastKnownFileType = sourcecode.swift; path = AddingViewController.swift; sourceTree = "<group>"; };
/* End PBXFileReference section */

/* Begin PBXFrameworksBuildPhase section */
		D21470B61CC1E72F00C061F5 /* Frameworks */ = {
			isa = PBXFrameworksBuildPhase;
			buildActionMask = 2147483647;
			files = (
			);
			runOnlyForDeploymentPostprocessing = 0;
		};
		D21470CA1CC1E73000C061F5 /* Frameworks */ = {
			isa = PBXFrameworksBuildPhase;
			buildActionMask = 2147483647;
			files = (
			);
			runOnlyForDeploymentPostprocessing = 0;
		};
		D21470D51CC1E73000C061F5 /* Frameworks */ = {
			isa = PBXFrameworksBuildPhase;
			buildActionMask = 2147483647;
			files = (
			);
			runOnlyForDeploymentPostprocessing = 0;
		};
/* End PBXFrameworksBuildPhase section */

/* Begin PBXGroup section */
		D21470B01CC1E72F00C061F5 = {
			isa = PBXGroup;
			children = (
				D21470BB1CC1E72F00C061F5 /* ControlFlow */,
				D21470D01CC1E73000C061F5 /* ControlFlowTests */,
				D21470DB1CC1E73000C061F5 /* ControlFlowUITests */,
				D21470BA1CC1E72F00C061F5 /* Products */,
			);
			sourceTree = "<group>";
		};
		D21470BA1CC1E72F00C061F5 /* Products */ = {
			isa = PBXGroup;
			children = (
				D21470B91CC1E72F00C061F5 /* ControlFlow.app */,
				D21470CD1CC1E73000C061F5 /* ControlFlowTests.xctest */,
				D21470D81CC1E73000C061F5 /* ControlFlowUITests.xctest */,
			);
			name = Products;
			sourceTree = "<group>";
		};
		D21470BB1CC1E72F00C061F5 /* ControlFlow */ = {
			isa = PBXGroup;
			children = (
				D21470BC1CC1E72F00C061F5 /* AppDelegate.swift */,
				D21470BE1CC1E72F00C061F5 /* ViewController.swift */,
				D21470C01CC1E72F00C061F5 /* Main.storyboard */,
				D2BF05D71CC3A59000A08371 /* AddingViewController.swift */,
				D2BF05D51CC3753F00A08371 /* FunFactsViewController.swift */,
				D21470C31CC1E72F00C061F5 /* Assets.xcassets */,
				D21470C51CC1E72F00C061F5 /* LaunchScreen.storyboard */,
				D21470C81CC1E72F00C061F5 /* Info.plist */,
			);
			path = ControlFlow;
			sourceTree = "<group>";
		};
		D21470D01CC1E73000C061F5 /* ControlFlowTests */ = {
			isa = PBXGroup;
			children = (
				D21470D11CC1E73000C061F5 /* ControlFlowTests.swift */,
				D21470D31CC1E73000C061F5 /* Info.plist */,
			);
			path = ControlFlowTests;
			sourceTree = "<group>";
		};
		D21470DB1CC1E73000C061F5 /* ControlFlowUITests */ = {
			isa = PBXGroup;
			children = (
				D21470DC1CC1E73000C061F5 /* ControlFlowUITests.swift */,
				D21470DE1CC1E73000C061F5 /* Info.plist */,
			);
			path = ControlFlowUITests;
			sourceTree = "<group>";
		};
/* End PBXGroup section */

/* Begin PBXNativeTarget section */
		D21470B81CC1E72F00C061F5 /* ControlFlow */ = {
			isa = PBXNativeTarget;
			buildConfigurationList = D21470E11CC1E73000C061F5 /* Build configuration list for PBXNativeTarget "ControlFlow" */;
			buildPhases = (
				D21470B51CC1E72F00C061F5 /* Sources */,
				D21470B61CC1E72F00C061F5 /* Frameworks */,
				D21470B71CC1E72F00C061F5 /* Resources */,
			);
			buildRules = (
			);
			dependencies = (
			);
			name = ControlFlow;
			productName = ControlFlow;
			productReference = D21470B91CC1E72F00C061F5 /* ControlFlow.app */;
			productType = "com.apple.product-type.application";
		};
		D21470CC1CC1E73000C061F5 /* ControlFlowTests */ = {
			isa = PBXNativeTarget;
			buildConfigurationList = D21470E41CC1E73000C061F5 /* Build configuration list for PBXNativeTarget "ControlFlowTests" */;
			buildPhases = (
				D21470C91CC1E73000C061F5 /* Sources */,
				D21470CA1CC1E73000C061F5 /* Frameworks */,
				D21470CB1CC1E73000C061F5 /* Resources */,
			);
			buildRules = (
			);
			dependencies = (
				D21470CF1CC1E73000C061F5 /* PBXTargetDependency */,
			);
			name = ControlFlowTests;
			productName = ControlFlowTests;
			productReference = D21470CD1CC1E73000C061F5 /* ControlFlowTests.xctest */;
			productType = "com.apple.product-type.bundle.unit-test";
		};
		D21470D71CC1E73000C061F5 /* ControlFlowUITests */ = {
			isa = PBXNativeTarget;
			buildConfigurationList = D21470E71CC1E73000C061F5 /* Build configuration list for PBXNativeTarget "ControlFlowUITests" */;
			buildPhases = (
				D21470D41CC1E73000C061F5 /* Sources */,
				D21470D51CC1E73000C061F5 /* Frameworks */,
				D21470D61CC1E73000C061F5 /* Resources */,
			);
			buildRules = (
			);
			dependencies = (
				D21470DA1CC1E73000C061F5 /* PBXTargetDependency */,
			);
			name = ControlFlowUITests;
			productName = ControlFlowUITests;
			productReference = D21470D81CC1E73000C061F5 /* ControlFlowUITests.xctest */;
			productType = "com.apple.product-type.bundle.ui-testing";
		};
/* End PBXNativeTarget section */

/* Begin PBXProject section */
		D21470B11CC1E72F00C061F5 /* Project object */ = {
			isa = PBXProject;
			attributes = {
				LastSwiftUpdateCheck = 0730;
				LastUpgradeCheck = 0730;
				ORGANIZATIONNAME = "Darlene Phan";
				TargetAttributes = {
					D21470B81CC1E72F00C061F5 = {
						CreatedOnToolsVersion = 7.3;
						DevelopmentTeam = HVPTA8AYL9;
					};
					D21470CC1CC1E73000C061F5 = {
						CreatedOnToolsVersion = 7.3;
						DevelopmentTeam = HVPTA8AYL9;
						TestTargetID = D21470B81CC1E72F00C061F5;
					};
					D21470D71CC1E73000C061F5 = {
						CreatedOnToolsVersion = 7.3;
						DevelopmentTeam = HVPTA8AYL9;
						TestTargetID = D21470B81CC1E72F00C061F5;
					};
				};
			};
			buildConfigurationList = D21470B41CC1E72F00C061F5 /* Build configuration list for PBXProject "ControlFlow" */;
			compatibilityVersion = "Xcode 3.2";
			developmentRegion = English;
			hasScannedForEncodings = 0;
			knownRegions = (
				en,
				Base,
			);
			mainGroup = D21470B01CC1E72F00C061F5;
			productRefGroup = D21470BA1CC1E72F00C061F5 /* Products */;
			projectDirPath = "";
			projectRoot = "";
			targets = (
				D21470B81CC1E72F00C061F5 /* ControlFlow */,
				D21470CC1CC1E73000C061F5 /* ControlFlowTests */,
				D21470D71CC1E73000C061F5 /* ControlFlowUITests */,
			);
		};
/* End PBXProject section */

/* Begin PBXResourcesBuildPhase section */
		D21470B71CC1E72F00C061F5 /* Resources */ = {
			isa = PBXResourcesBuildPhase;
			buildActionMask = 2147483647;
			files = (
				D21470C71CC1E72F00C061F5 /* LaunchScreen.storyboard in Resources */,
				D21470C41CC1E72F00C061F5 /* Assets.xcassets in Resources */,
				D21470C21CC1E72F00C061F5 /* Main.storyboard in Resources */,
			);
			runOnlyForDeploymentPostprocessing = 0;
		};
		D21470CB1CC1E73000C061F5 /* Resources */ = {
			isa = PBXResourcesBuildPhase;
			buildActionMask = 2147483647;
			files = (
			);
			runOnlyForDeploymentPostprocessing = 0;
		};
		D21470D61CC1E73000C061F5 /* Resources */ = {
			isa = PBXResourcesBuildPhase;
			buildActionMask = 2147483647;
			files = (
			);
			runOnlyForDeploymentPostprocessing = 0;
		};
/* End PBXResourcesBuildPhase section */

/* Begin PBXSourcesBuildPhase section */
		D21470B51CC1E72F00C061F5 /* Sources */ = {
			isa = PBXSourcesBuildPhase;
			buildActionMask = 2147483647;
			files = (
				D2BF05D61CC3753F00A08371 /* FunFactsViewController.swift in Sources */,
				D21470BF1CC1E72F00C061F5 /* ViewController.swift in Sources */,
				D21470BD1CC1E72F00C061F5 /* AppDelegate.swift in Sources */,
				D2BF05D81CC3A59000A08371 /* AddingViewController.swift in Sources */,
			);
			runOnlyForDeploymentPostprocessing = 0;
		};
		D21470C91CC1E73000C061F5 /* Sources */ = {
			isa = PBXSourcesBuildPhase;
			buildActionMask = 2147483647;
			files = (
				D21470D21CC1E73000C061F5 /* ControlFlowTests.swift in Sources */,
			);
			runOnlyForDeploymentPostprocessing = 0;
		};
		D21470D41CC1E73000C061F5 /* Sources */ = {
			isa = PBXSourcesBuildPhase;
			buildActionMask = 2147483647;
			files = (
				D21470DD1CC1E73000C061F5 /* ControlFlowUITests.swift in Sources */,
			);
			runOnlyForDeploymentPostprocessing = 0;
		};
/* End PBXSourcesBuildPhase section */

/* Begin PBXTargetDependency section */
		D21470CF1CC1E73000C061F5 /* PBXTargetDependency */ = {
			isa = PBXTargetDependency;
			target = D21470B81CC1E72F00C061F5 /* ControlFlow */;
			targetProxy = D21470CE1CC1E73000C061F5 /* PBXContainerItemProxy */;
		};
		D21470DA1CC1E73000C061F5 /* PBXTargetDependency */ = {
			isa = PBXTargetDependency;
			target = D21470B81CC1E72F00C061F5 /* ControlFlow */;
			targetProxy = D21470D91CC1E73000C061F5 /* PBXContainerItemProxy */;
		};
/* End PBXTargetDependency section */

/* Begin PBXVariantGroup section */
		D21470C01CC1E72F00C061F5 /* Main.storyboard */ = {
			isa = PBXVariantGroup;
			children = (
				D21470C11CC1E72F00C061F5 /* Base */,
			);
			name = Main.storyboard;
			sourceTree = "<group>";
		};
		D21470C51CC1E72F00C061F5 /* LaunchScreen.storyboard */ = {
			isa = PBXVariantGroup;
			children = (
				D21470C61CC1E72F00C061F5 /* Base */,
			);
			name = LaunchScreen.storyboard;
			sourceTree = "<group>";
		};
/* End PBXVariantGroup section */

/* Begin XCBuildConfiguration section */
		D21470DF1CC1E73000C061F5 /* Debug */ = {
			isa = XCBuildConfiguration;
			buildSettings = {
				ALWAYS_SEARCH_USER_PATHS = NO;
				CLANG_ANALYZER_NONNULL = YES;
				CLANG_CXX_LANGUAGE_STANDARD = "gnu++0x";
				CLANG_CXX_LIBRARY = "libc++";
				CLANG_ENABLE_MODULES = YES;
				CLANG_ENABLE_OBJC_ARC = YES;
				CLANG_WARN_BOOL_CONVERSION = YES;
				CLANG_WARN_CONSTANT_CONVERSION = YES;
				CLANG_WARN_DIRECT_OBJC_ISA_USAGE = YES_ERROR;
				CLANG_WARN_EMPTY_BODY = YES;
				CLANG_WARN_ENUM_CONVERSION = YES;
				CLANG_WARN_INT_CONVERSION = YES;
				CLANG_WARN_OBJC_ROOT_CLASS = YES_ERROR;
				CLANG_WARN_UNREACHABLE_CODE = YES;
				CLANG_WARN__DUPLICATE_METHOD_MATCH = YES;
				"CODE_SIGN_IDENTITY[sdk=iphoneos*]" = "iPhone Developer";
				COPY_PHASE_STRIP = NO;
				DEBUG_INFORMATION_FORMAT = dwarf;
				ENABLE_STRICT_OBJC_MSGSEND = YES;
				ENABLE_TESTABILITY = YES;
				GCC_C_LANGUAGE_STANDARD = gnu99;
				GCC_DYNAMIC_NO_PIC = NO;
				GCC_NO_COMMON_BLOCKS = YES;
				GCC_OPTIMIZATION_LEVEL = 0;
				GCC_PREPROCESSOR_DEFINITIONS = (
					"DEBUG=1",
					"$(inherited)",
				);
				GCC_WARN_64_TO_32_BIT_CONVERSION = YES;
				GCC_WARN_ABOUT_RETURN_TYPE = YES_ERROR;
				GCC_WARN_UNDECLARED_SELECTOR = YES;
				GCC_WARN_UNINITIALIZED_AUTOS = YES_AGGRESSIVE;
				GCC_WARN_UNUSED_FUNCTION = YES;
				GCC_WARN_UNUSED_VARIABLE = YES;
				IPHONEOS_DEPLOYMENT_TARGET = 9.3;
				MTL_ENABLE_DEBUG_INFO = YES;
				ONLY_ACTIVE_ARCH = YES;
				SDKROOT = iphoneos;
				SWIFT_OPTIMIZATION_LEVEL = "-Onone";
				TARGETED_DEVICE_FAMILY = "1,2";
			};
			name = Debug;
		};
		D21470E01CC1E73000C061F5 /* Release */ = {
			isa = XCBuildConfiguration;
			buildSettings = {
				ALWAYS_SEARCH_USER_PATHS = NO;
				CLANG_ANALYZER_NONNULL = YES;
				CLANG_CXX_LANGUAGE_STANDARD = "gnu++0x";
				CLANG_CXX_LIBRARY = "libc++";
				CLANG_ENABLE_MODULES = YES;
				CLANG_ENABLE_OBJC_ARC = YES;
				CLANG_WARN_BOOL_CONVERSION = YES;
				CLANG_WARN_CONSTANT_CONVERSION = YES;
				CLANG_WARN_DIRECT_OBJC_ISA_USAGE = YES_ERROR;
				CLANG_WARN_EMPTY_BODY = YES;
				CLANG_WARN_ENUM_CONVERSION = YES;
				CLANG_WARN_INT_CONVERSION = YES;
				CLANG_WARN_OBJC_ROOT_CLASS = YES_ERROR;
				CLANG_WARN_UNREACHABLE_CODE = YES;
				CLANG_WARN__DUPLICATE_METHOD_MATCH = YES;
				"CODE_SIGN_IDENTITY[sdk=iphoneos*]" = "iPhone Developer";
				COPY_PHASE_STRIP = NO;
				DEBUG_INFORMATION_FORMAT = "dwarf-with-dsym";
				ENABLE_NS_ASSERTIONS = NO;
				ENABLE_STRICT_OBJC_MSGSEND = YES;
				GCC_C_LANGUAGE_STANDARD = gnu99;
				GCC_NO_COMMON_BLOCKS = YES;
				GCC_WARN_64_TO_32_BIT_CONVERSION = YES;
				GCC_WARN_ABOUT_RETURN_TYPE = YES_ERROR;
				GCC_WARN_UNDECLARED_SELECTOR = YES;
				GCC_WARN_UNINITIALIZED_AUTOS = YES_AGGRESSIVE;
				GCC_WARN_UNUSED_FUNCTION = YES;
				GCC_WARN_UNUSED_VARIABLE = YES;
				IPHONEOS_DEPLOYMENT_TARGET = 9.3;
				MTL_ENABLE_DEBUG_INFO = NO;
				SDKROOT = iphoneos;
				TARGETED_DEVICE_FAMILY = "1,2";
				VALIDATE_PRODUCT = YES;
			};
			name = Release;
		};
		D21470E21CC1E73000C061F5 /* Debug */ = {
			isa = XCBuildConfiguration;
			buildSettings = {
				ASSETCATALOG_COMPILER_APPICON_NAME = AppIcon;
				INFOPLIST_FILE = ControlFlow/Info.plist;
				LD_RUNPATH_SEARCH_PATHS = "$(inherited) @executable_path/Frameworks";
				PRODUCT_BUNDLE_IDENTIFIER = com.thelemoncookie.ControlFlow;
				PRODUCT_NAME = "$(TARGET_NAME)";
			};
			name = Debug;
		};
		D21470E31CC1E73000C061F5 /* Release */ = {
			isa = XCBuildConfiguration;
			buildSettings = {
				ASSETCATALOG_COMPILER_APPICON_NAME = AppIcon;
				INFOPLIST_FILE = ControlFlow/Info.plist;
				LD_RUNPATH_SEARCH_PATHS = "$(inherited) @executable_path/Frameworks";
				PRODUCT_BUNDLE_IDENTIFIER = com.thelemoncookie.ControlFlow;
				PRODUCT_NAME = "$(TARGET_NAME)";
			};
			name = Release;
		};
		D21470E51CC1E73000C061F5 /* Debug */ = {
			isa = XCBuildConfiguration;
			buildSettings = {
				BUNDLE_LOADER = "$(TEST_HOST)";
				INFOPLIST_FILE = ControlFlowTests/Info.plist;
				LD_RUNPATH_SEARCH_PATHS = "$(inherited) @executable_path/Frameworks @loader_path/Frameworks";
				PRODUCT_BUNDLE_IDENTIFIER = com.thelemoncookie.ControlFlowTests;
				PRODUCT_NAME = "$(TARGET_NAME)";
				TEST_HOST = "$(BUILT_PRODUCTS_DIR)/ControlFlow.app/ControlFlow";
			};
			name = Debug;
		};
		D21470E61CC1E73000C061F5 /* Release */ = {
			isa = XCBuildConfiguration;
			buildSettings = {
				BUNDLE_LOADER = "$(TEST_HOST)";
				INFOPLIST_FILE = ControlFlowTests/Info.plist;
				LD_RUNPATH_SEARCH_PATHS = "$(inherited) @executable_path/Frameworks @loader_path/Frameworks";
				PRODUCT_BUNDLE_IDENTIFIER = com.thelemoncookie.ControlFlowTests;
				PRODUCT_NAME = "$(TARGET_NAME)";
				TEST_HOST = "$(BUILT_PRODUCTS_DIR)/ControlFlow.app/ControlFlow";
			};
			name = Release;
		};
		D21470E81CC1E73000C061F5 /* Debug */ = {
			isa = XCBuildConfiguration;
			buildSettings = {
				INFOPLIST_FILE = ControlFlowUITests/Info.plist;
				LD_RUNPATH_SEARCH_PATHS = "$(inherited) @executable_path/Frameworks @loader_path/Frameworks";
				PRODUCT_BUNDLE_IDENTIFIER = com.thelemoncookie.ControlFlowUITests;
				PRODUCT_NAME = "$(TARGET_NAME)";
				TEST_TARGET_NAME = ControlFlow;
			};
			name = Debug;
		};
		D21470E91CC1E73000C061F5 /* Release */ = {
			isa = XCBuildConfiguration;
			buildSettings = {
				INFOPLIST_FILE = ControlFlowUITests/Info.plist;
				LD_RUNPATH_SEARCH_PATHS = "$(inherited) @executable_path/Frameworks @loader_path/Frameworks";
				PRODUCT_BUNDLE_IDENTIFIER = com.thelemoncookie.ControlFlowUITests;
				PRODUCT_NAME = "$(TARGET_NAME)";
				TEST_TARGET_NAME = ControlFlow;
			};
			name = Release;
		};
/* End XCBuildConfiguration section */

/* Begin XCConfigurationList section */
		D21470B41CC1E72F00C061F5 /* Build configuration list for PBXProject "ControlFlow" */ = {
			isa = XCConfigurationList;
			buildConfigurations = (
				D21470DF1CC1E73000C061F5 /* Debug */,
				D21470E01CC1E73000C061F5 /* Release */,
			);
			defaultConfigurationIsVisible = 0;
			defaultConfigurationName = Release;
		};
		D21470E11CC1E73000C061F5 /* Build configuration list for PBXNativeTarget "ControlFlow" */ = {
			isa = XCConfigurationList;
			buildConfigurations = (
				D21470E21CC1E73000C061F5 /* Debug */,
				D21470E31CC1E73000C061F5 /* Release */,
			);
			defaultConfigurationIsVisible = 0;
			defaultConfigurationName = Release;
		};
		D21470E41CC1E73000C061F5 /* Build configuration list for PBXNativeTarget "ControlFlowTests" */ = {
			isa = XCConfigurationList;
			buildConfigurations = (
				D21470E51CC1E73000C061F5 /* Debug */,
				D21470E61CC1E73000C061F5 /* Release */,
			);
			defaultConfigurationIsVisible = 0;
			defaultConfigurationName = Release;
		};
		D21470E71CC1E73000C061F5 /* Build configuration list for PBXNativeTarget "ControlFlowUITests" */ = {
			isa = XCConfigurationList;
			buildConfigurations = (
				D21470E81CC1E73000C061F5 /* Debug */,
				D21470E91CC1E73000C061F5 /* Release */,
			);
			defaultConfigurationIsVisible = 0;
			defaultConfigurationName = Release;
		};
/* End XCConfigurationList section */
	};
	rootObject = D21470B11CC1E72F00C061F5 /* Project object */;
}
